
Microsoft Visual Studio Solution File, Format Version 12.00
# Visual Studio 14
VisualStudioVersion = 14.0.25420.1
MinimumVisualStudioVersion = 10.0.40219.1
Project("{F2A71F9B-5D33-465A-A702-920D77279786}") = "PodFul.Library", "PodFul.Library\PodFul.Library.fsproj", "{070B485B-B472-4DA6-A026-92A91A44ED94}"
EndProject
Project("{FAE04EC0-301F-11D3-BF4B-00C04F79EFBC}") = "PodFul.Console", "PodFul.Console\PodFul.Console.csproj", "{D53ABC4C-5405-4EE7-8470-60C3BE48EEC4}"
EndProject
Project("{2150E333-8FDC-42A3-9474-1A3956D46DE8}") = "Solution Items", "Solution Items", "{C5AF10E4-6FA2-4523-AB60-C037275AD7EA}"
	ProjectSection(SolutionItems) = preProject
		README.md = README.md
	EndProjectSection
EndProject
Project("{FAE04EC0-301F-11D3-BF4B-00C04F79EFBC}") = "PodFul.WinForms", "PodFul.WinForms\PodFul.WinForms.csproj", "{4B101383-E4AD-4910-B23E-5D586E373D86}"
EndProject
Project("{FAE04EC0-301F-11D3-BF4B-00C04F79EFBC}") = "PodFul.WPF", "PodFul.WPF\PodFul.WPF.csproj", "{ACC61FE2-7DCB-4B41-9C2D-3DE3016DCF69}"
EndProject
Project("{F2A71F9B-5D33-465A-A702-920D77279786}") = "PodFul.WPF.UnitTests", "PodFul.WPF.UnitTests\PodFul.WPF.UnitTests.fsproj", "{95E3D823-D00C-43D7-A351-C41ED7ADC458}"
EndProject
Project("{F2A71F9B-5D33-465A-A702-920D77279786}") = "PodFul.Library.IntegrationTests", "PodFul.Library.IntegrationTests\PodFul.Library.IntegrationTests.fsproj", "{CF3EECAE-E99D-4858-B7F2-B51514A0022D}"
EndProject
Project("{F2A71F9B-5D33-465A-A702-920D77279786}") = "PodFul.Library.UnitTests", "PodFul.Library.UnitTests\PodFul.Library.UnitTests.fsproj", "{4A890F68-1A46-4697-9424-6A9CC3A77AB7}"
EndProject
Project("{F2A71F9B-5D33-465A-A702-920D77279786}") = "PodFul.WPF.IntegrationTests", "PodFul.WPF.IntegrationTests\PodFul.WPF.IntegrationTests.fsproj", "{2F56777A-074C-4255-9076-16BA1AF519EA}"
EndProject
Project("{FAE04EC0-301F-11D3-BF4B-00C04F79EFBC}") = "PodFul.FileDelivery", "PodFul.FileDelivery\PodFul.FileDelivery.csproj", "{DC45D73B-1D7A-43D4-ADE5-42EC1E19078C}"
EndProject
Project("{FAE04EC0-301F-11D3-BF4B-00C04F79EFBC}") = "PodFul.FileDelivery.IntegrationTests", "PodFul.FileDelivery.IntegrationTests\PodFul.FileDelivery.IntegrationTests.csproj", "{142463BE-1618-499A-BC9B-81609502E413}"
EndProject
Project("{F2A71F9B-5D33-465A-A702-920D77279786}") = "PodFul.TestSupport", "PodFul.TestSupport\PodFul.TestSupport.fsproj", "{38F191E9-F7DC-48BB-8A82-F1156489942B}"
EndProject
Project("{F2A71F9B-5D33-465A-A702-920D77279786}") = "Migration195To196", "Migration195To196\Migration195To196.fsproj", "{981AB91E-389B-485A-8B50-B7A97EBC92DD}"
EndProject
Global
	GlobalSection(SolutionConfigurationPlatforms) = preSolution
		Debug|Any CPU = Debug|Any CPU
		Release|Any CPU = Release|Any CPU
	EndGlobalSection
	GlobalSection(ProjectConfigurationPlatforms) = postSolution
		{070B485B-B472-4DA6-A026-92A91A44ED94}.Debug|Any CPU.ActiveCfg = Debug|Any CPU
		{070B485B-B472-4DA6-A026-92A91A44ED94}.Debug|Any CPU.Build.0 = Debug|Any CPU
		{070B485B-B472-4DA6-A026-92A91A44ED94}.Release|Any CPU.ActiveCfg = Release|Any CPU
		{070B485B-B472-4DA6-A026-92A91A44ED94}.Release|Any CPU.Build.0 = Release|Any CPU
		{D53ABC4C-5405-4EE7-8470-60C3BE48EEC4}.Debug|Any CPU.ActiveCfg = Debug|Any CPU
		{D53ABC4C-5405-4EE7-8470-60C3BE48EEC4}.Debug|Any CPU.Build.0 = Debug|Any CPU
		{D53ABC4C-5405-4EE7-8470-60C3BE48EEC4}.Release|Any CPU.ActiveCfg = Release|Any CPU
		{D53ABC4C-5405-4EE7-8470-60C3BE48EEC4}.Release|Any CPU.Build.0 = Release|Any CPU
		{4B101383-E4AD-4910-B23E-5D586E373D86}.Debug|Any CPU.ActiveCfg = Debug|Any CPU
		{4B101383-E4AD-4910-B23E-5D586E373D86}.Debug|Any CPU.Build.0 = Debug|Any CPU
		{4B101383-E4AD-4910-B23E-5D586E373D86}.Release|Any CPU.ActiveCfg = Release|Any CPU
		{4B101383-E4AD-4910-B23E-5D586E373D86}.Release|Any CPU.Build.0 = Release|Any CPU
		{ACC61FE2-7DCB-4B41-9C2D-3DE3016DCF69}.Debug|Any CPU.ActiveCfg = Debug|Any CPU
		{ACC61FE2-7DCB-4B41-9C2D-3DE3016DCF69}.Debug|Any CPU.Build.0 = Debug|Any CPU
		{ACC61FE2-7DCB-4B41-9C2D-3DE3016DCF69}.Release|Any CPU.ActiveCfg = Release|Any CPU
		{ACC61FE2-7DCB-4B41-9C2D-3DE3016DCF69}.Release|Any CPU.Build.0 = Release|Any CPU
		{95E3D823-D00C-43D7-A351-C41ED7ADC458}.Debug|Any CPU.ActiveCfg = Debug|Any CPU
		{95E3D823-D00C-43D7-A351-C41ED7ADC458}.Debug|Any CPU.Build.0 = Debug|Any CPU
		{95E3D823-D00C-43D7-A351-C41ED7ADC458}.Release|Any CPU.ActiveCfg = Release|Any CPU
		{95E3D823-D00C-43D7-A351-C41ED7ADC458}.Release|Any CPU.Build.0 = Release|Any CPU
		{CF3EECAE-E99D-4858-B7F2-B51514A0022D}.Debug|Any CPU.ActiveCfg = Debug|Any CPU
		{CF3EECAE-E99D-4858-B7F2-B51514A0022D}.Debug|Any CPU.Build.0 = Debug|Any CPU
		{CF3EECAE-E99D-4858-B7F2-B51514A0022D}.Release|Any CPU.ActiveCfg = Release|Any CPU
		{CF3EECAE-E99D-4858-B7F2-B51514A0022D}.Release|Any CPU.Build.0 = Release|Any CPU
		{4A890F68-1A46-4697-9424-6A9CC3A77AB7}.Debug|Any CPU.ActiveCfg = Debug|Any CPU
		{4A890F68-1A46-4697-9424-6A9CC3A77AB7}.Debug|Any CPU.Build.0 = Debug|Any CPU
		{4A890F68-1A46-4697-9424-6A9CC3A77AB7}.Release|Any CPU.ActiveCfg = Release|Any CPU
		{4A890F68-1A46-4697-9424-6A9CC3A77AB7}.Release|Any CPU.Build.0 = Release|Any CPU
		{2F56777A-074C-4255-9076-16BA1AF519EA}.Debug|Any CPU.ActiveCfg = Debug|Any CPU
		{2F56777A-074C-4255-9076-16BA1AF519EA}.Debug|Any CPU.Build.0 = Debug|Any CPU
		{2F56777A-074C-4255-9076-16BA1AF519EA}.Release|Any CPU.ActiveCfg = Release|Any CPU
		{2F56777A-074C-4255-9076-16BA1AF519EA}.Release|Any CPU.Build.0 = Release|Any CPU
		{DC45D73B-1D7A-43D4-ADE5-42EC1E19078C}.Debug|Any CPU.ActiveCfg = Debug|Any CPU
		{DC45D73B-1D7A-43D4-ADE5-42EC1E19078C}.Debug|Any CPU.Build.0 = Debug|Any CPU
		{DC45D73B-1D7A-43D4-ADE5-42EC1E19078C}.Release|Any CPU.ActiveCfg = Release|Any CPU
		{DC45D73B-1D7A-43D4-ADE5-42EC1E19078C}.Release|Any CPU.Build.0 = Release|Any CPU
		{142463BE-1618-499A-BC9B-81609502E413}.Debug|Any CPU.ActiveCfg = Debug|Any CPU
		{142463BE-1618-499A-BC9B-81609502E413}.Debug|Any CPU.Build.0 = Debug|Any CPU
		{142463BE-1618-499A-BC9B-81609502E413}.Release|Any CPU.ActiveCfg = Release|Any CPU
		{142463BE-1618-499A-BC9B-81609502E413}.Release|Any CPU.Build.0 = Release|Any CPU
		{38F191E9-F7DC-48BB-8A82-F1156489942B}.Debug|Any CPU.ActiveCfg = Debug|Any CPU
		{38F191E9-F7DC-48BB-8A82-F1156489942B}.Debug|Any CPU.Build.0 = Debug|Any CPU
		{38F191E9-F7DC-48BB-8A82-F1156489942B}.Release|Any CPU.ActiveCfg = Release|Any CPU
		{38F191E9-F7DC-48BB-8A82-F1156489942B}.Release|Any CPU.Build.0 = Release|Any CPU
		{981AB91E-389B-485A-8B50-B7A97EBC92DD}.Debug|Any CPU.ActiveCfg = Debug|Any CPU
		{981AB91E-389B-485A-8B50-B7A97EBC92DD}.Debug|Any CPU.Build.0 = Debug|Any CPU
		{981AB91E-389B-485A-8B50-B7A97EBC92DD}.Release|Any CPU.ActiveCfg = Release|Any CPU
		{981AB91E-389B-485A-8B50-B7A97EBC92DD}.Release|Any CPU.Build.0 = Release|Any CPU
	EndGlobalSection
	GlobalSection(SolutionProperties) = preSolution
		HideSolutionNode = FALSE
	EndGlobalSection
EndGlobal
